
Microsoft Visual Studio Solution File, Format Version 12.00
# Visual Studio Version 17
VisualStudioVersion = 17.5.33530.505
MinimumVisualStudioVersion = 10.0.40219.1
Project("{FAE04EC0-301F-11D3-BF4B-00C04F79EFBC}") = "WinFormsApp7", "WinFormsApp7\WinFormsApp7.csproj", "{3AE3625F-9489-4624-ACA0-1E6BDD3E7299}"
EndProject
Global
	GlobalSection(SolutionConfigurationPlatforms) = preSolution
		Debug|Any CPU = Debug|Any CPU
		Release|Any CPU = Release|Any CPU
	EndGlobalSection
	GlobalSection(ProjectConfigurationPlatforms) = postSolution
		{3AE3625F-9489-4624-ACA0-1E6BDD3E7299}.Debug|Any CPU.ActiveCfg = Debug|Any CPU
		{3AE3625F-9489-4624-ACA0-1E6BDD3E7299}.Debug|Any CPU.Build.0 = Debug|Any CPU
		{3AE3625F-9489-4624-ACA0-1E6BDD3E7299}.Release|Any CPU.ActiveCfg = Release|Any CPU
		{3AE3625F-9489-4624-ACA0-1E6BDD3E7299}.Release|Any CPU.Build.0 = Release|Any CPU
	EndGlobalSection
	GlobalSection(SolutionProperties) = preSolution
		HideSolutionNode = FALSE
	EndGlobalSection
	GlobalSection(ExtensibilityGlobals) = postSolution
		SolutionGuid = {18965A4C-663B-4E26-A068-2FB9D29FC3B6}
	EndGlobalSection
EndGlobal
